
Microsoft Visual Studio Solution File, Format Version 12.00
# Visual Studio Version 17
VisualStudioVersion = 17.9.34728.123
MinimumVisualStudioVersion = 10.0.40219.1
Project("{FAE04EC0-301F-11D3-BF4B-00C04F79EFBC}") = "ExamenProgra6_Assent_JozefMoraAraya", "ExamenProgra6_Assent_JozefMoraAraya\ExamenProgra6_Assent_JozefMoraAraya.csproj", "{EA4F1EC7-1822-420A-A8B4-FB6B1B43CF3F}"
EndProject
Global
	GlobalSection(SolutionConfigurationPlatforms) = preSolution
		Debug|Any CPU = Debug|Any CPU
		Release|Any CPU = Release|Any CPU
	EndGlobalSection
	GlobalSection(ProjectConfigurationPlatforms) = postSolution
		{EA4F1EC7-1822-420A-A8B4-FB6B1B43CF3F}.Debug|Any CPU.ActiveCfg = Debug|Any CPU
		{EA4F1EC7-1822-420A-A8B4-FB6B1B43CF3F}.Debug|Any CPU.Build.0 = Debug|Any CPU
		{EA4F1EC7-1822-420A-A8B4-FB6B1B43CF3F}.Release|Any CPU.ActiveCfg = Release|Any CPU
		{EA4F1EC7-1822-420A-A8B4-FB6B1B43CF3F}.Release|Any CPU.Build.0 = Release|Any CPU
	EndGlobalSection
	GlobalSection(SolutionProperties) = preSolution
		HideSolutionNode = FALSE
	EndGlobalSection
	GlobalSection(ExtensibilityGlobals) = postSolution
		SolutionGuid = {8A50D187-BEBC-4F9E-8132-039B5E39B5B6}
	EndGlobalSection
EndGlobal
